{
    "_meta": {
        "hash": {
            "sha256": "8593e55ef79467aa3dbe537b13829f644c17e3559f29cda1d5b60e69ce5fe36b"
        },
        "pipfile-spec": 6,
        "requires": {},
        "sources": [
            {
                "name": "pypi",
                "url": "https://pypi.org/simple",
                "verify_ssl": true
            }
        ]
    },
    "default": {
        "certifi": {
            "hashes": [
                "sha256:35824b4c3a97115964b408844d64aa14db1cc518f6562e8d7261699d1350a9e3",
                "sha256:4ad3232f5e926d6718ec31cfc1fcadfde020920e278684144551c91769c7bc18"
            ],
            "index": "pypi",
            "version": "==2022.12.7"
        },
        "charset-normalizer": {
            "hashes": [
                "sha256:5a3d016c7c547f69d6f81fb0db9449ce888b418b5b9952cc5e6e66843e9dd845",
                "sha256:83e9a75d1911279afd89352c68b45348559d1fc0506b054b346651b5e7fee29f"
            ],
            "markers": "python_version >= '3.6'",
            "version": "==2.1.1"
        },
        "click": {
            "hashes": [
                "sha256:7682dc8afb30297001674575ea00d1814d808d6a36af415a82bd481d37ba7b8e",
                "sha256:bb4d8133cb15a609f44e8213d9b391b0809795062913b383c62be0ee95b1db48"
            ],
            "index": "pypi",
            "version": "==8.1.3"
        },
        "defusedxml": {
            "hashes": [
                "sha256:1bb3032db185915b62d7c6209c5a8792be6a32ab2fedacc84e01b52c51aa3e69",
                "sha256:a352e7e428770286cc899e2542b6cdaedb2b4953ff269a210103ec58f6198a61"
            ],
            "index": "pypi",
            "version": "==0.7.1"
        },
        "idna": {
            "hashes": [
                "sha256:814f528e8dead7d329833b91c5faa87d60bf71824cd12a7530b5526063d02cb4",
                "sha256:90b77e79eaa3eba6de819a0c442c0b4ceefc341a7a2ab77d7562bf49f425c5c2"
            ],
            "markers": "python_version >= '3.5'",
            "version": "==3.4"
        },
        "lxml": {
            "hashes": [
                "sha256:04da965dfebb5dac2619cb90fcf93efdb35b3c6994fea58a157a834f2f94b318",
                "sha256:0538747a9d7827ce3e16a8fdd201a99e661c7dee3c96c885d8ecba3c35d1032c",
                "sha256:0645e934e940107e2fdbe7c5b6fb8ec6232444260752598bc4d09511bd056c0b",
                "sha256:079b68f197c796e42aa80b1f739f058dcee796dc725cc9a1be0cdb08fc45b000",
                "sha256:0f3f0059891d3254c7b5fb935330d6db38d6519ecd238ca4fce93c234b4a0f73",
                "sha256:10d2017f9150248563bb579cd0d07c61c58da85c922b780060dcc9a3aa9f432d",
                "sha256:1355755b62c28950f9ce123c7a41460ed9743c699905cbe664a5bcc5c9c7c7fb",
                "sha256:13c90064b224e10c14dcdf8086688d3f0e612db53766e7478d7754703295c7c8",
                "sha256:1423631e3d51008871299525b541413c9b6c6423593e89f9c4cfbe8460afc0a2",
                "sha256:1436cf0063bba7888e43f1ba8d58824f085410ea2025befe81150aceb123e345",
                "sha256:1a7c59c6ffd6ef5db362b798f350e24ab2cfa5700d53ac6681918f314a4d3b94",
                "sha256:1e1cf47774373777936c5aabad489fef7b1c087dcd1f426b621fda9dcc12994e",
                "sha256:206a51077773c6c5d2ce1991327cda719063a47adc02bd703c56a662cdb6c58b",
                "sha256:21fb3d24ab430fc538a96e9fbb9b150029914805d551deeac7d7822f64631dfc",
                "sha256:27e590352c76156f50f538dbcebd1925317a0f70540f7dc8c97d2931c595783a",
                "sha256:287605bede6bd36e930577c5925fcea17cb30453d96a7b4c63c14a257118dbb9",
                "sha256:2aaf6a0a6465d39b5ca69688fce82d20088c1838534982996ec46633dc7ad6cc",
                "sha256:32a73c53783becdb7eaf75a2a1525ea8e49379fb7248c3eeefb9412123536387",
                "sha256:41fb58868b816c202e8881fd0f179a4644ce6e7cbbb248ef0283a34b73ec73bb",
                "sha256:4780677767dd52b99f0af1f123bc2c22873d30b474aa0e2fc3fe5e02217687c7",
                "sha256:4878e667ebabe9b65e785ac8da4d48886fe81193a84bbe49f12acff8f7a383a4",
                "sha256:487c8e61d7acc50b8be82bda8c8d21d20e133c3cbf41bd8ad7eb1aaeb3f07c97",
                "sha256:4beea0f31491bc086991b97517b9683e5cfb369205dac0148ef685ac12a20a67",
                "sha256:4cfbe42c686f33944e12f45a27d25a492cc0e43e1dc1da5d6a87cbcaf2e95627",
                "sha256:4d5bae0a37af799207140652a700f21a85946f107a199bcb06720b13a4f1f0b7",
                "sha256:4e285b5f2bf321fc0857b491b5028c5f276ec0c873b985d58d7748ece1d770dd",
                "sha256:57e4d637258703d14171b54203fd6822fda218c6c2658a7d30816b10995f29f3",
                "sha256:5974895115737a74a00b321e339b9c3f45c20275d226398ae79ac008d908bff7",
                "sha256:5ef87fca280fb15342726bd5f980f6faf8b84a5287fcc2d4962ea8af88b35130",
                "sha256:603a464c2e67d8a546ddaa206d98e3246e5db05594b97db844c2f0a1af37cf5b",
                "sha256:6653071f4f9bac46fbc30f3c7838b0e9063ee335908c5d61fb7a4a86c8fd2036",
                "sha256:6ca2264f341dd81e41f3fffecec6e446aa2121e0b8d026fb5130e02de1402785",
                "sha256:6d279033bf614953c3fc4a0aa9ac33a21e8044ca72d4fa8b9273fe75359d5cca",
                "sha256:6d949f53ad4fc7cf02c44d6678e7ff05ec5f5552b235b9e136bd52e9bf730b91",
                "sha256:6daa662aba22ef3258934105be2dd9afa5bb45748f4f702a3b39a5bf53a1f4dc",
                "sha256:6eafc048ea3f1b3c136c71a86db393be36b5b3d9c87b1c25204e7d397cee9536",
                "sha256:830c88747dce8a3e7525defa68afd742b4580df6aa2fdd6f0855481e3994d391",
                "sha256:86e92728ef3fc842c50a5cb1d5ba2bc66db7da08a7af53fb3da79e202d1b2cd3",
                "sha256:8caf4d16b31961e964c62194ea3e26a0e9561cdf72eecb1781458b67ec83423d",
                "sha256:8d1a92d8e90b286d491e5626af53afef2ba04da33e82e30744795c71880eaa21",
                "sha256:8f0a4d179c9a941eb80c3a63cdb495e539e064f8054230844dcf2fcb812b71d3",
                "sha256:9232b09f5efee6a495a99ae6824881940d6447debe272ea400c02e3b68aad85d",
                "sha256:927a9dd016d6033bc12e0bf5dee1dde140235fc8d0d51099353c76081c03dc29",
                "sha256:93e414e3206779ef41e5ff2448067213febf260ba747fc65389a3ddaa3fb8715",
                "sha256:98cafc618614d72b02185ac583c6f7796202062c41d2eeecdf07820bad3295ed",
                "sha256:9c3a88d20e4fe4a2a4a84bf439a5ac9c9aba400b85244c63a1ab7088f85d9d25",
                "sha256:9f36de4cd0c262dd9927886cc2305aa3f2210db437aa4fed3fb4940b8bf4592c",
                "sha256:a60f90bba4c37962cbf210f0188ecca87daafdf60271f4c6948606e4dabf8785",
                "sha256:a614e4afed58c14254e67862456d212c4dcceebab2eaa44d627c2ca04bf86837",
                "sha256:ae06c1e4bc60ee076292e582a7512f304abdf6c70db59b56745cca1684f875a4",
                "sha256:b122a188cd292c4d2fcd78d04f863b789ef43aa129b233d7c9004de08693728b",
                "sha256:b570da8cd0012f4af9fa76a5635cd31f707473e65a5a335b186069d5c7121ff2",
                "sha256:bcaa1c495ce623966d9fc8a187da80082334236a2a1c7e141763ffaf7a405067",
                "sha256:bd34f6d1810d9354dc7e35158aa6cc33456be7706df4420819af6ed966e85448",
                "sha256:be9eb06489bc975c38706902cbc6888f39e946b81383abc2838d186f0e8b6a9d",
                "sha256:c4b2e0559b68455c085fb0f6178e9752c4be3bba104d6e881eb5573b399d1eb2",
                "sha256:c62e8dd9754b7debda0c5ba59d34509c4688f853588d75b53c3791983faa96fc",
                "sha256:c852b1530083a620cb0de5f3cd6826f19862bafeaf77586f1aef326e49d95f0c",
                "sha256:d9fc0bf3ff86c17348dfc5d322f627d78273eba545db865c3cd14b3f19e57fa5",
                "sha256:dad7b164905d3e534883281c050180afcf1e230c3d4a54e8038aa5cfcf312b84",
                "sha256:e5f66bdf0976ec667fc4594d2812a00b07ed14d1b44259d19a41ae3fff99f2b8",
                "sha256:e8f0c9d65da595cfe91713bc1222af9ecabd37971762cb830dea2fc3b3bb2acf",
                "sha256:edffbe3c510d8f4bf8640e02ca019e48a9b72357318383ca60e3330c23aaffc7",
                "sha256:eea5d6443b093e1545ad0210e6cf27f920482bfcf5c77cdc8596aec73523bb7e",
                "sha256:ef72013e20dd5ba86a8ae1aed7f56f31d3374189aa8b433e7b12ad182c0d2dfb",
                "sha256:f05251bbc2145349b8d0b77c0d4e5f3b228418807b1ee27cefb11f69ed3d233b",
                "sha256:f1be258c4d3dc609e654a1dc59d37b17d7fef05df912c01fc2e15eb43a9735f3",
                "sha256:f9ced82717c7ec65a67667bb05865ffe38af0e835cdd78728f1209c8fffe0cad",
                "sha256:fe17d10b97fdf58155f858606bddb4e037b805a60ae023c009f760d8361a4eb8",
                "sha256:fe749b052bb7233fe5d072fcb549221a8cb1a16725c47c37e42b0b9cb3ff2c3f"
            ],
            "index": "pypi",
            "version": "==4.9.1"
        },
        "requests": {
            "hashes": [
                "sha256:7c5599b102feddaa661c826c56ab4fee28bfd17f5abca1ebbe3e7f19d7c97983",
                "sha256:8fefa2a1a1365bf5520aac41836fbee479da67864514bdb821f31ce07ce65349"
            ],
            "index": "pypi",
            "version": "==2.28.1"
        },
        "urllib3": {
            "hashes": [
                "sha256:47cc05d99aaa09c9e72ed5809b60e7ba354e64b59c9c173ac3018642d8bb41fc",
                "sha256:c083dd0dce68dbfbe1129d5271cb90f9447dea7d52097c6e0126120c521ddea8"
            ],
            "markers": "python_version >= '2.7' and python_version not in '3.0, 3.1, 3.2, 3.3, 3.4, 3.5'",
            "version": "==1.26.13"
        },
        "xxhash": {
            "hashes": [
                "sha256:00f2603b91fbb6fd1c3b83b263a405834e2df393fd2bac6a86e2e0ecc511076c",
                "sha256:02f9a6176152a64955b3dff89dfb2d3c9a7c93e862cbc37c0858e8e25d1f3f3c",
                "sha256:04812deabfdba3fa9cae57abb908a3f980bccbe9a4178f3e56afca2f1f625874",
                "sha256:0602b45447934fd5b81b387e76512a7c7c946b571b3f9a7d7b2cd9d3a09f9041",
                "sha256:0bce4ce403129c6cee69860cf2597d04f29c714797c11e8ec3b2b7b3677c4586",
                "sha256:0e86290486768b51478f320abca9fe61805578298b6e60719ec23bca85c60eec",
                "sha256:11d4af8d50b8b08835f653a96d58bb3658454144e5e4d28e369f4b3ad2bff4ea",
                "sha256:1980f79c8ab4536c01048eb6398db0ac2049292150064bef665fa4c89918f86c",
                "sha256:1ab8f652ffaed3855d25f7666f63bf1ee81ead4d9d30cc9e592571a3959d2964",
                "sha256:1f50cfc3e80fe241d25e557f7ca5a145d3d557bdf738cd2d355bfe1324c28d21",
                "sha256:216b90f30351fe434903bb039ae88df4c5ae43eb4320a012f6c73bec1d630213",
                "sha256:21e030031f13455c9bfc10ed58301fbee8fad0e179cc6a1b15e899d71af2958f",
                "sha256:2d65d773c4d9c8d1a88af8e0e2169910cfc3d425006e2eb18cd13a6391543ed1",
                "sha256:2e798287d6efcd51df12ac67f65ba7d78937be80c2c91bff2d17bf5404c63a24",
                "sha256:33f865b6eb9126a60345cf3106925a5039ef582b840d2df96f7777a160d0ef17",
                "sha256:362520c908887c85af832e16448bad58cb182d165a16241e3251bdd17bd427be",
                "sha256:369af334d58f6d2f716bd1557d3580c4c1235077090769abf1d54daec2b301a7",
                "sha256:379c37f2d46a441bdb71af79443990e21943ef644ffeed5662157a9a682d55be",
                "sha256:3a3d7cd6412a1d0d5e43be188a67f95326e5a8c5d2ae1ad10adf8f896e630091",
                "sha256:3a9e2052ac6520e1f56630ff689b2b85ccd24799d362493435cf46defe163cc1",
                "sha256:3ae86b9672ad4ef431b0e1d284530289382575e2569078071c7adcf5827b4995",
                "sha256:3c60ff7946e46beaa873509c1ca41937b40fc3048620cbd8441bfe03aa053f33",
                "sha256:3cb1c759c2a863dd963bdca8504c7ae39388dd1ef189fca91b94f18acb7bde26",
                "sha256:4143a1ad5f436550fcc091c80e7af23ec31cca1991750391067b24b051dcd0d7",
                "sha256:4521fed12d111bb2691ca0dc01fa8b36f6c626f53d9ee54befcea957e1b4dbaa",
                "sha256:4582e12d9aa25530449a8cad4e9e8e973e0b2f28e77ef6504fc6f216f8f07406",
                "sha256:4645b106732885fc488656657a5790dee4d8ffd123d2134647028f6575f2c05e",
                "sha256:53e587e6625bc9a7cfa5e067837590a626ff4150000ae31be2af73a67d08ea8c",
                "sha256:540966f42ccd0d3d09539a7236fbfdce6b15d7be49ee5d5adaef0aa0d020cd1e",
                "sha256:5c65cfb8fd3efd3d574a0cd4abbe59741f720334fa1d79e5366b34b0f4584b66",
                "sha256:5e9141f224a4dc984ea016744aa40a8a040054ef91933b2f9c81ba18e5b9d06e",
                "sha256:62cc09f3024ef1a0153e32ac6593025f20fae13b1bc5d08b639891ec110cacec",
                "sha256:6502a60ced52547e9c8e3eba3e5818ac0adca3e9abb5e32d2ee73a060f3dc362",
                "sha256:65a9aac88cc960b3a21a52922d5846f1b15af7a5b937a26c7edee1d3fe80800c",
                "sha256:694fd42161959382b70ea3442ea017675071dafe8b960849d5a599c4538737d8",
                "sha256:778f3c6007d280b6fff12f95c81d9c4ad6907632a0bfecf23aca18afb54319c0",
                "sha256:77c6d1e0993e8a314f4a6aec911c12fbb4caf4f58223381d3d41fa153ae6924f",
                "sha256:80b6cd0f781c198b0b53f78124658d0f407fbba7450e79d537505608bf4125ba",
                "sha256:83a7b89e0b8b26cb86369ca0a7395299e0046930664ce96cbc07702504af9a26",
                "sha256:84e9d14baccdf31e3c59ed34b9d00df52ad4db376dbbbaad936ea02b9be4a534",
                "sha256:8f32770a4b39ffe6a5785f87b66435b2e4048ba4a36334108ac5d375447ce667",
                "sha256:8f4089c92b7aac2ead222345b0368e7d69e7a61e7a56762ae2f5e8d67fb67349",
                "sha256:90d03b46fc06f9ca3c0a4db685df3efffeb880ebcef2ffee707057e09fb8cba2",
                "sha256:91bf72f009114320d9cbb452d5995286f2c6f70b3f53041f72654c4c1a8b79bd",
                "sha256:95175636d28943eaf3da331aa57c7d02756017880151e11f8476a2ef49dd35de",
                "sha256:9d4f9c8570e9adecae7d480090bcbf856b1d28f462c30c5cbe9f23b6418d6423",
                "sha256:a06311c247f2f45619e754249ca6f868c349fbfb63979ce291c83151840952a2",
                "sha256:a9efbc1c780ef3b578486eb250f5e93b2934c918386d981d96b7a06bae90c4d4",
                "sha256:aa4e22665290f2dfa608901c38b1a5f0d367280fd8adc5996356d7f4993f41f7",
                "sha256:ac21b1e21dc6fdfee9a57b53f4777539d53a84f2e1546a3f802f159f9966bdc1",
                "sha256:b0f1e298f80e302fd1b859e0b27f997eae82e9e9592843a1df2ca79122365ac1",
                "sha256:b16e7fc7991118c0b6cd9f5e141911110388f39df58b2996834619d2b956b4a8",
                "sha256:b43b55e0d2d81f4ec8caaf165a0a96325d7dd4317770b663701700f9aee855ed",
                "sha256:b74a787be31b8493797d3e7dfac2b240ed443bcd1b42dfbb406629538f103667",
                "sha256:b8810fa72d361262168c2b215e3cee223eb19b74806c08713b943f57f0c91fd6",
                "sha256:b9c56f45fd18879212b480dc44dc1da44a22d453e3b4038c4b686f6307124220",
                "sha256:bb07bb4125c432f500a76a84ef51c0eafc09afbd1479308c6e1e2bbb73a33bb4",
                "sha256:c58b2bc7240966f54db9ef7dcfcc988362b0a315c12ed13a778917457c8dfe9d",
                "sha256:c627840400b90a90d989ebef431b146e89e44377de42cd2e75996bbed394e3c5",
                "sha256:ca24dd052adf23e1fd8fb5839d9046328e60222a866fa3c2761e90ddab1fc2b8",
                "sha256:cb3032588cd46bc6d16b2b35cd7ff5041fcc90423ae7c8f62263a029ff8f1e5d",
                "sha256:cf20bca461ae45273599be8635b60b517d2212b51d6d5d85fc8c441078eb02ab",
                "sha256:d08ebd5313f6811ef76cde0f97179374b047442b918089a09019fed53b9f9cef",
                "sha256:d2324c31095708ceb7ee8c15b31bd1bea7376ca477748f9a20aba2e94d01fab1",
                "sha256:d30df80c8bc56aa55f545b1840d84ad6f773a3623b3e1462f17ebbd93c4c69ae",
                "sha256:d72b5d4eee98ecd25a2c647f7547a024585400ab13aa7ec837ebb8a25151bbef",
                "sha256:daa1a37685759003680bd2775053bbf772c4f71ad3c729810ea4901535635d5e",
                "sha256:de9758872881d50d0946dfc6067b4782986de6af5ec74c266d47d85c699aa0de",
                "sha256:dfa73020bc696a46dab2dddd28c76d1abcd0643dc8a2dd06a037392bda5cc5ec",
                "sha256:e24bab9aecdfba23c7feb3b173488ca6b3168a50095ff544dedc7caa0c05ac3c",
                "sha256:e5d54d8e01c34acf3361bb58c5022a92abc9d5054b919a1d483679d59989bbff",
                "sha256:ea074722fa953a1a3bece979620e2f0b43f2dfca841de84aca32a477c2fdb658",
                "sha256:edd65c4850231324af7a613e5647c1c484f3dcbcde4a0e608d099050c684ae79",
                "sha256:efafa866662f6ab50f1ffb808424ca9373d2f3b4a73e6ea66432dce1779f501c",
                "sha256:effd26669365a71e1337977ba789c95029c9cb0ac26e7455255922d3c9ff8fff",
                "sha256:f109a872aba254ffebe3c749a6b7148463e5d3168ac5afb515f1a929e73feb8f",
                "sha256:f2259f13de36b4e675840e50b16bcd5c6f7aec6f5e833af47b3a0186c19e92dd",
                "sha256:f7f1b27db4798f7ebe599107c75b2a0648fc1f9d9226fa2771fc296c5593dc7e",
                "sha256:fc93e4bd34fd14459672345ca4a070b0f28d906bea4b178373b4271498e38ec9"
            ],
            "index": "pypi",
            "version": "==3.1.0"
        }
    },
    "develop": {
        "atomicwrites": {
            "hashes": [
                "sha256:81b2c9071a49367a7f770170e5eec8cb66567cfbbc8c73d20ce5ca4a8d71cf11"
            ],
            "index": "pypi",
            "version": "==1.4.1"
        },
        "attrs": {
            "hashes": [
                "sha256:29adc2665447e5191d0e7c568fde78b21f9672d344281d0c6e1ab085429b22b6",
                "sha256:86efa402f67bf2df34f51a335487cf46b1ec130d02b8d39fd248abfd30da551c"
            ],
            "markers": "python_version >= '3.5'",
            "version": "==22.1.0"
        },
        "certifi": {
            "hashes": [
                "sha256:35824b4c3a97115964b408844d64aa14db1cc518f6562e8d7261699d1350a9e3",
                "sha256:4ad3232f5e926d6718ec31cfc1fcadfde020920e278684144551c91769c7bc18"
            ],
            "index": "pypi",
            "version": "==2022.12.7"
        },
        "charset-normalizer": {
            "hashes": [
                "sha256:5a3d016c7c547f69d6f81fb0db9449ce888b418b5b9952cc5e6e66843e9dd845",
                "sha256:83e9a75d1911279afd89352c68b45348559d1fc0506b054b346651b5e7fee29f"
            ],
            "markers": "python_version >= '3.6'",
            "version": "==2.1.1"
        },
        "coverage": {
            "extras": [
                "toml"
            ],
            "hashes": [
                "sha256:027018943386e7b942fa832372ebc120155fd970837489896099f5cfa2890f79",
                "sha256:11b990d520ea75e7ee8dcab5bc908072aaada194a794db9f6d7d5cfd19661e5a",
                "sha256:12adf310e4aafddc58afdb04d686795f33f4d7a6fa67a7a9d4ce7d6ae24d949f",
                "sha256:1431986dac3923c5945271f169f59c45b8802a114c8f548d611f2015133df77a",
                "sha256:1ef221513e6f68b69ee9e159506d583d31aa3567e0ae84eaad9d6ec1107dddaa",
                "sha256:20c8ac5386253717e5ccc827caad43ed66fea0efe255727b1053a8154d952398",
                "sha256:2198ea6fc548de52adc826f62cb18554caedfb1d26548c1b7c88d8f7faa8f6ba",
                "sha256:255758a1e3b61db372ec2736c8e2a1fdfaf563977eedbdf131de003ca5779b7d",
                "sha256:265de0fa6778d07de30bcf4d9dc471c3dc4314a23a3c6603d356a3c9abc2dfcf",
                "sha256:33a7da4376d5977fbf0a8ed91c4dffaaa8dbf0ddbf4c8eea500a2486d8bc4d7b",
                "sha256:42eafe6778551cf006a7c43153af1211c3aaab658d4d66fa5fcc021613d02518",
                "sha256:4433b90fae13f86fafff0b326453dd42fc9a639a0d9e4eec4d366436d1a41b6d",
                "sha256:4a5375e28c5191ac38cca59b38edd33ef4cc914732c916f2929029b4bfb50795",
                "sha256:4a8dbc1f0fbb2ae3de73eb0bdbb914180c7abfbf258e90b311dcd4f585d44bd2",
                "sha256:59f53f1dc5b656cafb1badd0feb428c1e7bc19b867479ff72f7a9dd9b479f10e",
                "sha256:5dbec3b9095749390c09ab7c89d314727f18800060d8d24e87f01fb9cfb40b32",
                "sha256:633713d70ad6bfc49b34ead4060531658dc6dfc9b3eb7d8a716d5873377ab745",
                "sha256:6b07130585d54fe8dff3d97b93b0e20290de974dc8177c320aeaf23459219c0b",
                "sha256:6c4459b3de97b75e3bd6b7d4b7f0db13f17f504f3d13e2a7c623786289dd670e",
                "sha256:6d4817234349a80dbf03640cec6109cd90cba068330703fa65ddf56b60223a6d",
                "sha256:723e8130d4ecc8f56e9a611e73b31219595baa3bb252d539206f7bbbab6ffc1f",
                "sha256:784f53ebc9f3fd0e2a3f6a78b2be1bd1f5575d7863e10c6e12504f240fd06660",
                "sha256:7b6be138d61e458e18d8e6ddcddd36dd96215edfe5f1168de0b1b32635839b62",
                "sha256:7ccf362abd726b0410bf8911c31fbf97f09f8f1061f8c1cf03dfc4b6372848f6",
                "sha256:83516205e254a0cb77d2d7bb3632ee019d93d9f4005de31dca0a8c3667d5bc04",
                "sha256:851cf4ff24062c6aec510a454b2584f6e998cada52d4cb58c5e233d07172e50c",
                "sha256:8f830ed581b45b82451a40faabb89c84e1a998124ee4212d440e9c6cf70083e5",
                "sha256:94e2565443291bd778421856bc975d351738963071e9b8839ca1fc08b42d4bef",
                "sha256:95203854f974e07af96358c0b261f1048d8e1083f2de9b1c565e1be4a3a48cfc",
                "sha256:97117225cdd992a9c2a5515db1f66b59db634f59d0679ca1fa3fe8da32749cae",
                "sha256:98e8a10b7a314f454d9eff4216a9a94d143a7ee65018dd12442e898ee2310578",
                "sha256:a1170fa54185845505fbfa672f1c1ab175446c887cce8212c44149581cf2d466",
                "sha256:a6b7d95969b8845250586f269e81e5dfdd8ff828ddeb8567a4a2eaa7313460c4",
                "sha256:a8fb6cf131ac4070c9c5a3e21de0f7dc5a0fbe8bc77c9456ced896c12fcdad91",
                "sha256:af4fffaffc4067232253715065e30c5a7ec6faac36f8fc8d6f64263b15f74db0",
                "sha256:b4a5be1748d538a710f87542f22c2cad22f80545a847ad91ce45e77417293eb4",
                "sha256:b5604380f3415ba69de87a289a2b56687faa4fe04dbee0754bfcae433489316b",
                "sha256:b9023e237f4c02ff739581ef35969c3739445fb059b060ca51771e69101efffe",
                "sha256:bc8ef5e043a2af066fa8cbfc6e708d58017024dc4345a1f9757b329a249f041b",
                "sha256:c4ed2820d919351f4167e52425e096af41bfabacb1857186c1ea32ff9983ed75",
                "sha256:cca4435eebea7962a52bdb216dec27215d0df64cf27fc1dd538415f5d2b9da6b",
                "sha256:d900bb429fdfd7f511f868cedd03a6bbb142f3f9118c09b99ef8dc9bf9643c3c",
                "sha256:d9ecf0829c6a62b9b573c7bb6d4dcd6ba8b6f80be9ba4fc7ed50bf4ac9aecd72",
                "sha256:dbdb91cd8c048c2b09eb17713b0c12a54fbd587d79adcebad543bc0cd9a3410b",
                "sha256:de3001a203182842a4630e7b8d1a2c7c07ec1b45d3084a83d5d227a3806f530f",
                "sha256:e07f4a4a9b41583d6eabec04f8b68076ab3cd44c20bd29332c6572dda36f372e",
                "sha256:ef8674b0ee8cc11e2d574e3e2998aea5df5ab242e012286824ea3c6970580e53",
                "sha256:f4f05d88d9a80ad3cac6244d36dd89a3c00abc16371769f1340101d3cb899fc3",
                "sha256:f642e90754ee3e06b0e7e51bce3379590e76b7f76b708e1a71ff043f87025c84",
                "sha256:fc2af30ed0d5ae0b1abdb4ebdce598eafd5b35397d4d75deb341a614d333d987"
            ],
            "markers": "python_version >= '3.7'",
            "version": "==6.5.0"
        },
        "idna": {
            "hashes": [
                "sha256:814f528e8dead7d329833b91c5faa87d60bf71824cd12a7530b5526063d02cb4",
                "sha256:90b77e79eaa3eba6de819a0c442c0b4ceefc341a7a2ab77d7562bf49f425c5c2"
            ],
            "markers": "python_version >= '3.5'",
            "version": "==3.4"
        },
        "iniconfig": {
            "hashes": [
                "sha256:011e24c64b7f47f6ebd835bb12a743f2fbe9a26d4cecaa7f53bc4f35ee9da8b3",
                "sha256:bc3af051d7d14b2ee5ef9969666def0cd1a000e121eaea580d4a313df4b37f32"
            ],
            "version": "==1.1.1"
        },
        "packaging": {
            "hashes": [
                "sha256:2198ec20bd4c017b8f9717e00f0c8714076fc2fd93816750ab48e2c41de2cfd3",
                "sha256:957e2148ba0e1a3b282772e791ef1d8083648bc131c8ab0c1feba110ce1146c3"
            ],
            "markers": "python_version >= '3.7'",
            "version": "==22.0"
        },
        "pluggy": {
            "hashes": [
                "sha256:4224373bacce55f955a878bf9cfa763c1e360858e330072059e10bad68531159",
                "sha256:74134bbf457f031a36d68416e1509f34bd5ccc019f0bcc952c7b909d06b37bd3"
            ],
            "markers": "python_version >= '3.6'",
            "version": "==1.0.0"
        },
        "pytest": {
            "hashes": [
                "sha256:892f933d339f068883b6fd5a459f03d85bfcb355e4981e146d2c7616c21fef71",
                "sha256:c4014eb40e10f11f355ad4e3c2fb2c6c6d1919c73f3b5a433de4708202cade59"
            ],
            "index": "pypi",
            "version": "==7.2.0"
        },
        "pytest-cov": {
            "hashes": [
                "sha256:2feb1b751d66a8bd934e5edfa2e961d11309dc37b73b0eabe73b5945fee20f6b",
                "sha256:996b79efde6433cdbd0088872dbc5fb3ed7fe1578b68cdbba634f14bb8dd0470"
            ],
            "index": "pypi",
            "version": "==4.0.0"
        },
        "pytest-mock": {
            "hashes": [
                "sha256:f4c973eeae0282963eb293eb173ce91b091a79c1334455acfac9ddee8a1c784b",
                "sha256:fbbdb085ef7c252a326fd8cdcac0aa3b1333d8811f131bdcc701002e1be7ed4f"
            ],
            "index": "pypi",
            "version": "==3.10.0"
        },
        "requests": {
            "hashes": [
                "sha256:7c5599b102feddaa661c826c56ab4fee28bfd17f5abca1ebbe3e7f19d7c97983",
                "sha256:8fefa2a1a1365bf5520aac41836fbee479da67864514bdb821f31ce07ce65349"
            ],
            "index": "pypi",
            "version": "==2.28.1"
        },
        "requests-mock": {
            "hashes": [
                "sha256:2fdbb637ad17ee15c06f33d31169e71bf9fe2bdb7bc9da26185be0dd8d842699",
                "sha256:59c9c32419a9fb1ae83ec242d98e889c45bd7d7a65d48375cc243ec08441658b"
            ],
            "index": "pypi",
            "version": "==1.10.0"
        },
        "six": {
            "hashes": [
                "sha256:1e61c37477a1626458e36f7b1d82aa5c9b094fa4802892072e49de9c60c4c926",
                "sha256:8abb2f1d86890a2dfb989f9a77cfcfd3e47c2a354b01111771326f8aa26e0254"
            ],
            "markers": "python_version >= '2.7' and python_version not in '3.0, 3.1, 3.2, 3.3'",
            "version": "==1.16.0"
        },
        "urllib3": {
            "hashes": [
                "sha256:47cc05d99aaa09c9e72ed5809b60e7ba354e64b59c9c173ac3018642d8bb41fc",
                "sha256:c083dd0dce68dbfbe1129d5271cb90f9447dea7d52097c6e0126120c521ddea8"
            ],
            "markers": "python_version >= '2.7' and python_version not in '3.0, 3.1, 3.2, 3.3, 3.4, 3.5'",
            "version": "==1.26.13"
        }
    }
}
